
Microsoft Visual Studio Solution File, Format Version 12.00
# Visual Studio Version 16
VisualStudioVersion = 16.0.31005.135
MinimumVisualStudioVersion = 10.0.40219.1
Project("{FAE04EC0-301F-11D3-BF4B-00C04F79EFBC}") = "BasicUI", "BasicUI\BasicUI.csproj", "{DCF4F444-1B17-4894-AB49-2A907E2E1011}"
EndProject
Global
	GlobalSection(SolutionConfigurationPlatforms) = preSolution
		Debug|Any CPU = Debug|Any CPU
		Release|Any CPU = Release|Any CPU
	EndGlobalSection
	GlobalSection(ProjectConfigurationPlatforms) = postSolution
		{DCF4F444-1B17-4894-AB49-2A907E2E1011}.Debug|Any CPU.ActiveCfg = Debug|Any CPU
		{DCF4F444-1B17-4894-AB49-2A907E2E1011}.Debug|Any CPU.Build.0 = Debug|Any CPU
		{DCF4F444-1B17-4894-AB49-2A907E2E1011}.Release|Any CPU.ActiveCfg = Release|Any CPU
		{DCF4F444-1B17-4894-AB49-2A907E2E1011}.Release|Any CPU.Build.0 = Release|Any CPU
	EndGlobalSection
	GlobalSection(SolutionProperties) = preSolution
		HideSolutionNode = FALSE
	EndGlobalSection
	GlobalSection(ExtensibilityGlobals) = postSolution
		SolutionGuid = {9D552992-6A7B-4D8E-80E7-F87452C9565F}
	EndGlobalSection
EndGlobal
